
Microsoft Visual Studio Solution File, Format Version 12.00
# Visual Studio Version 17
VisualStudioVersion = 17.14.36429.23 d17.14
MinimumVisualStudioVersion = 10.0.40219.1
Project("{FAE04EC0-301F-11D3-BF4B-00C04F79EFBC}") = "ArendaForRestorane", "ArendaForRestorane\ArendaForRestorane.csproj", "{A2E16165-BF59-4EDF-89DA-0671769E5E05}"
EndProject
Global
	GlobalSection(SolutionConfigurationPlatforms) = preSolution
		Debug|Any CPU = Debug|Any CPU
		Release|Any CPU = Release|Any CPU
	EndGlobalSection
	GlobalSection(ProjectConfigurationPlatforms) = postSolution
		{A2E16165-BF59-4EDF-89DA-0671769E5E05}.Debug|Any CPU.ActiveCfg = Debug|Any CPU
		{A2E16165-BF59-4EDF-89DA-0671769E5E05}.Debug|Any CPU.Build.0 = Debug|Any CPU
		{A2E16165-BF59-4EDF-89DA-0671769E5E05}.Release|Any CPU.ActiveCfg = Release|Any CPU
		{A2E16165-BF59-4EDF-89DA-0671769E5E05}.Release|Any CPU.Build.0 = Release|Any CPU
	EndGlobalSection
	GlobalSection(SolutionProperties) = preSolution
		HideSolutionNode = FALSE
	EndGlobalSection
	GlobalSection(ExtensibilityGlobals) = postSolution
		SolutionGuid = {34D1A1C1-41C2-4CC1-9974-FBDCF5F386FD}
	EndGlobalSection
EndGlobal
